
Microsoft Visual Studio Solution File, Format Version 12.00
# Visual Studio 14
VisualStudioVersion = 14.0.23107.0
MinimumVisualStudioVersion = 10.0.40219.1
Project("{FAE04EC0-301F-11D3-BF4B-00C04F79EFBC}") = "Trench", "Trench\Trench.csproj", "{497D8831-8760-4392-B693-E824CB0B7B3B}"
EndProject
Project("{FAE04EC0-301F-11D3-BF4B-00C04F79EFBC}") = "Base", "TTABase\Base.csproj", "{BD84FEFE-8831-403F-BA0E-29BA160830B2}"
EndProject
Project("{FAE04EC0-301F-11D3-BF4B-00C04F79EFBC}") = "Zero", "Zero\Zero.csproj", "{CF534C49-B59B-4940-9CE0-6925D4D8EF96}"
EndProject
Project("{FAE04EC0-301F-11D3-BF4B-00C04F79EFBC}") = "TTAKoocing", "TTAKoocing\TTAKoocing.csproj", "{CCB925F9-CDB4-42F8-887E-44DB4D3CB49D}"
EndProject
Project("{FAE04EC0-301F-11D3-BF4B-00C04F79EFBC}") = "TTAZero", "TTAZero\TTAZero.csproj", "{8AE35BC5-FBE7-41E4-ADC3-896A6783EE58}"
EndProject
Project("{FAE04EC0-301F-11D3-BF4B-00C04F79EFBC}") = "Koocing", "Koocing\Koocing.csproj", "{1ECE6578-D7DB-4857-A9AE-7F35A3A5F04B}"
EndProject
Global
	GlobalSection(SolutionConfigurationPlatforms) = preSolution
		Debug|Any CPU = Debug|Any CPU
		Debug|x86 = Debug|x86
		Release|Any CPU = Release|Any CPU
		Release|x86 = Release|x86
	EndGlobalSection
	GlobalSection(ProjectConfigurationPlatforms) = postSolution
		{497D8831-8760-4392-B693-E824CB0B7B3B}.Debug|Any CPU.ActiveCfg = Debug|Any CPU
		{497D8831-8760-4392-B693-E824CB0B7B3B}.Debug|Any CPU.Build.0 = Debug|Any CPU
		{497D8831-8760-4392-B693-E824CB0B7B3B}.Debug|x86.ActiveCfg = Debug|Any CPU
		{497D8831-8760-4392-B693-E824CB0B7B3B}.Debug|x86.Build.0 = Debug|Any CPU
		{497D8831-8760-4392-B693-E824CB0B7B3B}.Release|Any CPU.ActiveCfg = Release|Any CPU
		{497D8831-8760-4392-B693-E824CB0B7B3B}.Release|Any CPU.Build.0 = Release|Any CPU
		{497D8831-8760-4392-B693-E824CB0B7B3B}.Release|x86.ActiveCfg = Release|Any CPU
		{497D8831-8760-4392-B693-E824CB0B7B3B}.Release|x86.Build.0 = Release|Any CPU
		{BD84FEFE-8831-403F-BA0E-29BA160830B2}.Debug|Any CPU.ActiveCfg = Debug|Any CPU
		{BD84FEFE-8831-403F-BA0E-29BA160830B2}.Debug|Any CPU.Build.0 = Debug|Any CPU
		{BD84FEFE-8831-403F-BA0E-29BA160830B2}.Debug|x86.ActiveCfg = Debug|x86
		{BD84FEFE-8831-403F-BA0E-29BA160830B2}.Debug|x86.Build.0 = Debug|x86
		{BD84FEFE-8831-403F-BA0E-29BA160830B2}.Release|Any CPU.ActiveCfg = Release|Any CPU
		{BD84FEFE-8831-403F-BA0E-29BA160830B2}.Release|Any CPU.Build.0 = Release|Any CPU
		{BD84FEFE-8831-403F-BA0E-29BA160830B2}.Release|x86.ActiveCfg = Release|x86
		{BD84FEFE-8831-403F-BA0E-29BA160830B2}.Release|x86.Build.0 = Release|x86
		{CF534C49-B59B-4940-9CE0-6925D4D8EF96}.Debug|Any CPU.ActiveCfg = Debug|Any CPU
		{CF534C49-B59B-4940-9CE0-6925D4D8EF96}.Debug|Any CPU.Build.0 = Debug|Any CPU
		{CF534C49-B59B-4940-9CE0-6925D4D8EF96}.Debug|x86.ActiveCfg = Debug|Any CPU
		{CF534C49-B59B-4940-9CE0-6925D4D8EF96}.Debug|x86.Build.0 = Debug|Any CPU
		{CF534C49-B59B-4940-9CE0-6925D4D8EF96}.Release|Any CPU.ActiveCfg = Release|Any CPU
		{CF534C49-B59B-4940-9CE0-6925D4D8EF96}.Release|Any CPU.Build.0 = Release|Any CPU
		{CF534C49-B59B-4940-9CE0-6925D4D8EF96}.Release|x86.ActiveCfg = Release|Any CPU
		{CF534C49-B59B-4940-9CE0-6925D4D8EF96}.Release|x86.Build.0 = Release|Any CPU
		{CCB925F9-CDB4-42F8-887E-44DB4D3CB49D}.Debug|Any CPU.ActiveCfg = Debug|Any CPU
		{CCB925F9-CDB4-42F8-887E-44DB4D3CB49D}.Debug|Any CPU.Build.0 = Debug|Any CPU
		{CCB925F9-CDB4-42F8-887E-44DB4D3CB49D}.Debug|x86.ActiveCfg = Debug|Any CPU
		{CCB925F9-CDB4-42F8-887E-44DB4D3CB49D}.Debug|x86.Build.0 = Debug|Any CPU
		{CCB925F9-CDB4-42F8-887E-44DB4D3CB49D}.Release|Any CPU.ActiveCfg = Release|Any CPU
		{CCB925F9-CDB4-42F8-887E-44DB4D3CB49D}.Release|Any CPU.Build.0 = Release|Any CPU
		{CCB925F9-CDB4-42F8-887E-44DB4D3CB49D}.Release|x86.ActiveCfg = Release|Any CPU
		{CCB925F9-CDB4-42F8-887E-44DB4D3CB49D}.Release|x86.Build.0 = Release|Any CPU
		{8AE35BC5-FBE7-41E4-ADC3-896A6783EE58}.Debug|Any CPU.ActiveCfg = Debug|Any CPU
		{8AE35BC5-FBE7-41E4-ADC3-896A6783EE58}.Debug|Any CPU.Build.0 = Debug|Any CPU
		{8AE35BC5-FBE7-41E4-ADC3-896A6783EE58}.Debug|x86.ActiveCfg = Debug|Any CPU
		{8AE35BC5-FBE7-41E4-ADC3-896A6783EE58}.Debug|x86.Build.0 = Debug|Any CPU
		{8AE35BC5-FBE7-41E4-ADC3-896A6783EE58}.Release|Any CPU.ActiveCfg = Release|Any CPU
		{8AE35BC5-FBE7-41E4-ADC3-896A6783EE58}.Release|Any CPU.Build.0 = Release|Any CPU
		{8AE35BC5-FBE7-41E4-ADC3-896A6783EE58}.Release|x86.ActiveCfg = Release|Any CPU
		{8AE35BC5-FBE7-41E4-ADC3-896A6783EE58}.Release|x86.Build.0 = Release|Any CPU
		{1ECE6578-D7DB-4857-A9AE-7F35A3A5F04B}.Debug|Any CPU.ActiveCfg = Debug|Any CPU
		{1ECE6578-D7DB-4857-A9AE-7F35A3A5F04B}.Debug|Any CPU.Build.0 = Debug|Any CPU
		{1ECE6578-D7DB-4857-A9AE-7F35A3A5F04B}.Debug|x86.ActiveCfg = Debug|Any CPU
		{1ECE6578-D7DB-4857-A9AE-7F35A3A5F04B}.Debug|x86.Build.0 = Debug|Any CPU
		{1ECE6578-D7DB-4857-A9AE-7F35A3A5F04B}.Release|Any CPU.ActiveCfg = Release|Any CPU
		{1ECE6578-D7DB-4857-A9AE-7F35A3A5F04B}.Release|Any CPU.Build.0 = Release|Any CPU
		{1ECE6578-D7DB-4857-A9AE-7F35A3A5F04B}.Release|x86.ActiveCfg = Release|Any CPU
		{1ECE6578-D7DB-4857-A9AE-7F35A3A5F04B}.Release|x86.Build.0 = Release|Any CPU
	EndGlobalSection
	GlobalSection(SolutionProperties) = preSolution
		HideSolutionNode = FALSE
	EndGlobalSection
EndGlobal
